
Microsoft Visual Studio Solution File, Format Version 12.00
# Visual Studio Version 17
VisualStudioVersion = 17.0.31903.59
MinimumVisualStudioVersion = 10.0.40219.1
Project("{FAE04EC0-301F-11D3-BF4B-00C04F79EFBC}") = "IntelliTrip.Planner.Core", "IntelliTrip.Planner.Core\IntelliTrip.Planner.Core.csproj", "{EB70E584-7F05-4AA9-83E3-4AB45C52CA70}"
EndProject
Project("{FAE04EC0-301F-11D3-BF4B-00C04F79EFBC}") = "IntelliTrip.Planner.Agents.Shared", "IntelliTrip.Planner.Agents.Shared\IntelliTrip.Planner.Agents.Shared.csproj", "{BF1A9E0D-9CDA-4C25-A67A-4772D3C7D9C8}"
EndProject
Project("{FAE04EC0-301F-11D3-BF4B-00C04F79EFBC}") = "IntelliTrip.Planner.Agents.Flight", "IntelliTrip.Planner.Agents.Flight\IntelliTrip.Planner.Agents.Flight.csproj", "{6BD6198E-1A02-4A15-ACC1-CB2C81C75898}"
EndProject
Project("{FAE04EC0-301F-11D3-BF4B-00C04F79EFBC}") = "IntelliTrip.Planner.Agents.Accomodation", "IntelliTrip.Planner.Agents.Accomodation\IntelliTrip.Planner.Agents.Accomodation.csproj", "{194B4578-41B4-432A-B8E4-70947409ED06}"
EndProject
Project("{FAE04EC0-301F-11D3-BF4B-00C04F79EFBC}") = "IntelliTrip.Planner.MCPAdapter", "IntelliTrip.Planner.MCPAdapter\IntelliTrip.Planner.MCPAdapter.csproj", "{43190F47-A40A-4B25-B1EC-C57FAEF0A8A8}"
EndProject
Project("{FAE04EC0-301F-11D3-BF4B-00C04F79EFBC}") = "IntelliTrip.Planner.HeadAgent", "IntelliTrip.Planner.HeadAgent\IntelliTrip.Planner.HeadAgent.csproj", "{CF954AFD-1EAE-4B43-9020-F1C83F505D04}"
EndProject
Project("{FAE04EC0-301F-11D3-BF4B-00C04F79EFBC}") = "IntelliTrip.Planner.UserInteraction", "IntelliTrip.Planner.UserInteraction\IntelliTrip.Planner.UserInteraction.csproj", "{EE97373F-1D1D-4654-A901-6A7D0EFA6D5A}"
EndProject
Project("{FAE04EC0-301F-11D3-BF4B-00C04F79EFBC}") = "IntelliTrip.Planner.Core.Tests", "IntelliTrip.Planner.Core.Tests\IntelliTrip.Planner.Core.Tests.csproj", "{1B9A4642-B9BD-4C7E-83FC-8E3712B4239A}"
EndProject
Project("{FAE04EC0-301F-11D3-BF4B-00C04F79EFBC}") = "IntelliTrip.Planner.HeadAgent.Tests", "IntelliTrip.Planner.HeadAgent.Tests\IntelliTrip.Planner.HeadAgent.Tests.csproj", "{28C7AB26-7569-48F8-B955-443713868C00}"
EndProject
Project("{FAE04EC0-301F-11D3-BF4B-00C04F79EFBC}") = "IntelliTrip.Planner.UserInteraction.Tests", "IntelliTrip.Planner.UserInteraction.Tests\IntelliTrip.Planner.UserInteraction.Tests.csproj", "{2550F99B-4F81-42F6-920D-06A58A4D64DE}"
EndProject
Project("{FAE04EC0-301F-11D3-BF4B-00C04F79EFBC}") = "IntelliTrip.Planner.Agents.Shared.Tests", "IntelliTrip.Planner.Agents.Shared.Tests\IntelliTrip.Planner.Agents.Shared.Tests.csproj", "{B8BA4699-FCA0-41EF-B2BE-33363145A95E}"
EndProject
Project("{FAE04EC0-301F-11D3-BF4B-00C04F79EFBC}") = "IntelliTrip.Planner.Agents.Flight.Tests", "IntelliTrip.Planner.Agents.Flight.Tests\IntelliTrip.Planner.Agents.Flight.Tests.csproj", "{B2BAAD97-2E91-4A5C-9B44-10860711157A}"
EndProject
Project("{FAE04EC0-301F-11D3-BF4B-00C04F79EFBC}") = "IntelliTrip.Planner.Agents.Accomodation.Tests", "IntelliTrip.Planner.Agents.Accomodation.Tests\IntelliTrip.Planner.Agents.Accomodation.Tests.csproj", "{4BB5C29C-E7FD-4D92-8FE2-EB43D1F0FF0F}"
EndProject
Project("{FAE04EC0-301F-11D3-BF4B-00C04F79EFBC}") = "IntelliTrip.Planner.MCPAdapter.Tests", "IntelliTrip.Planner.MCPAdapter.Tests\IntelliTrip.Planner.MCPAdapter.Tests.csproj", "{AB26D6D7-6EF8-41BC-A024-46F81BD6EBC2}"
EndProject
Project("{FAE04EC0-301F-11D3-BF4B-00C04F79EFBC}") = "IntelliTrip.Planner.AppHost", "IntelliTrip.Planner.AppHost\IntelliTrip.Planner.AppHost.csproj", "{820F53A4-85D0-4403-8C34-09547E0D6B0E}"
EndProject
Project("{FAE04EC0-301F-11D3-BF4B-00C04F79EFBC}") = "IntelliTrip.Planner.Frontend.Blazor", "IntelliTrip.Planner.Frontend.Blazor\IntelliTrip.Planner.Frontend.Blazor.csproj", "{A32BD44A-31F7-4E5E-9B15-FDF5621A7621}"
EndProject
Project("{2150E333-8FDC-42A3-9474-1A3956D46DE8}") = "Agents", "Agents", "{02EA681E-C7D8-13C7-8484-4AC65E1B71E8}"
EndProject
Project("{2150E333-8FDC-42A3-9474-1A3956D46DE8}") = "Tests", "Tests", "{ACC92161-E22C-4043-8242-937DFDD6869D}"
EndProject
Project("{2150E333-8FDC-42A3-9474-1A3956D46DE8}") = "Frontend", "Frontend", "{DF9CDF1D-408A-49DA-BCA5-5C00F11A6983}"
EndProject
Project("{FAE04EC0-301F-11D3-BF4B-00C04F79EFBC}") = "IntelliTrip.Planner.BusinessLogic", "IntelliTrip.Planner.BusinessLogic\IntelliTrip.Planner.BusinessLogic.csproj", "{9E595FB9-041A-43D5-B21C-05DD0FCE35CA}"
EndProject
Project("{FAE04EC0-301F-11D3-BF4B-00C04F79EFBC}") = "IntelliTrip.Planner.Models", "IntelliTrip.Planner.Models\IntelliTrip.Planner.Models.csproj", "{123553DE-4D56-4C75-82C6-695F6BF6EAA8}"
EndProject
Project("{2150E333-8FDC-42A3-9474-1A3956D46DE8}") = "Solution Items", "Solution Items", "{BD4FE1A3-E51E-4C7B-A080-C1E396ACC080}"
	ProjectSection(SolutionItems) = preProject
		.editorconfig = .editorconfig
	EndProjectSection
EndProject
Global
	GlobalSection(SolutionConfigurationPlatforms) = preSolution
		Debug|Any CPU = Debug|Any CPU
		Debug|x64 = Debug|x64
		Debug|x86 = Debug|x86
		Release|Any CPU = Release|Any CPU
		Release|x64 = Release|x64
		Release|x86 = Release|x86
	EndGlobalSection
	GlobalSection(ProjectConfigurationPlatforms) = postSolution
		{EB70E584-7F05-4AA9-83E3-4AB45C52CA70}.Debug|Any CPU.ActiveCfg = Debug|Any CPU
		{EB70E584-7F05-4AA9-83E3-4AB45C52CA70}.Debug|Any CPU.Build.0 = Debug|Any CPU
		{EB70E584-7F05-4AA9-83E3-4AB45C52CA70}.Debug|x64.ActiveCfg = Debug|Any CPU
		{EB70E584-7F05-4AA9-83E3-4AB45C52CA70}.Debug|x64.Build.0 = Debug|Any CPU
		{EB70E584-7F05-4AA9-83E3-4AB45C52CA70}.Debug|x86.ActiveCfg = Debug|Any CPU
		{EB70E584-7F05-4AA9-83E3-4AB45C52CA70}.Debug|x86.Build.0 = Debug|Any CPU
		{EB70E584-7F05-4AA9-83E3-4AB45C52CA70}.Release|Any CPU.ActiveCfg = Release|Any CPU
		{EB70E584-7F05-4AA9-83E3-4AB45C52CA70}.Release|Any CPU.Build.0 = Release|Any CPU
		{EB70E584-7F05-4AA9-83E3-4AB45C52CA70}.Release|x64.ActiveCfg = Release|Any CPU
		{EB70E584-7F05-4AA9-83E3-4AB45C52CA70}.Release|x64.Build.0 = Release|Any CPU
		{EB70E584-7F05-4AA9-83E3-4AB45C52CA70}.Release|x86.ActiveCfg = Release|Any CPU
		{EB70E584-7F05-4AA9-83E3-4AB45C52CA70}.Release|x86.Build.0 = Release|Any CPU
		{BF1A9E0D-9CDA-4C25-A67A-4772D3C7D9C8}.Debug|Any CPU.ActiveCfg = Debug|Any CPU
		{BF1A9E0D-9CDA-4C25-A67A-4772D3C7D9C8}.Debug|Any CPU.Build.0 = Debug|Any CPU
		{BF1A9E0D-9CDA-4C25-A67A-4772D3C7D9C8}.Debug|x64.ActiveCfg = Debug|Any CPU
		{BF1A9E0D-9CDA-4C25-A67A-4772D3C7D9C8}.Debug|x64.Build.0 = Debug|Any CPU
		{BF1A9E0D-9CDA-4C25-A67A-4772D3C7D9C8}.Debug|x86.ActiveCfg = Debug|Any CPU
		{BF1A9E0D-9CDA-4C25-A67A-4772D3C7D9C8}.Debug|x86.Build.0 = Debug|Any CPU
		{BF1A9E0D-9CDA-4C25-A67A-4772D3C7D9C8}.Release|Any CPU.ActiveCfg = Release|Any CPU
		{BF1A9E0D-9CDA-4C25-A67A-4772D3C7D9C8}.Release|Any CPU.Build.0 = Release|Any CPU
		{BF1A9E0D-9CDA-4C25-A67A-4772D3C7D9C8}.Release|x64.ActiveCfg = Release|Any CPU
		{BF1A9E0D-9CDA-4C25-A67A-4772D3C7D9C8}.Release|x64.Build.0 = Release|Any CPU
		{BF1A9E0D-9CDA-4C25-A67A-4772D3C7D9C8}.Release|x86.ActiveCfg = Release|Any CPU
		{BF1A9E0D-9CDA-4C25-A67A-4772D3C7D9C8}.Release|x86.Build.0 = Release|Any CPU
		{6BD6198E-1A02-4A15-ACC1-CB2C81C75898}.Debug|Any CPU.ActiveCfg = Debug|Any CPU
		{6BD6198E-1A02-4A15-ACC1-CB2C81C75898}.Debug|Any CPU.Build.0 = Debug|Any CPU
		{6BD6198E-1A02-4A15-ACC1-CB2C81C75898}.Debug|x64.ActiveCfg = Debug|Any CPU
		{6BD6198E-1A02-4A15-ACC1-CB2C81C75898}.Debug|x64.Build.0 = Debug|Any CPU
		{6BD6198E-1A02-4A15-ACC1-CB2C81C75898}.Debug|x86.ActiveCfg = Debug|Any CPU
		{6BD6198E-1A02-4A15-ACC1-CB2C81C75898}.Debug|x86.Build.0 = Debug|Any CPU
		{6BD6198E-1A02-4A15-ACC1-CB2C81C75898}.Release|Any CPU.ActiveCfg = Release|Any CPU
		{6BD6198E-1A02-4A15-ACC1-CB2C81C75898}.Release|Any CPU.Build.0 = Release|Any CPU
		{6BD6198E-1A02-4A15-ACC1-CB2C81C75898}.Release|x64.ActiveCfg = Release|Any CPU
		{6BD6198E-1A02-4A15-ACC1-CB2C81C75898}.Release|x64.Build.0 = Release|Any CPU
		{6BD6198E-1A02-4A15-ACC1-CB2C81C75898}.Release|x86.ActiveCfg = Release|Any CPU
		{6BD6198E-1A02-4A15-ACC1-CB2C81C75898}.Release|x86.Build.0 = Release|Any CPU
		{194B4578-41B4-432A-B8E4-70947409ED06}.Debug|Any CPU.ActiveCfg = Debug|Any CPU
		{194B4578-41B4-432A-B8E4-70947409ED06}.Debug|Any CPU.Build.0 = Debug|Any CPU
		{194B4578-41B4-432A-B8E4-70947409ED06}.Debug|x64.ActiveCfg = Debug|Any CPU
		{194B4578-41B4-432A-B8E4-70947409ED06}.Debug|x64.Build.0 = Debug|Any CPU
		{194B4578-41B4-432A-B8E4-70947409ED06}.Debug|x86.ActiveCfg = Debug|Any CPU
		{194B4578-41B4-432A-B8E4-70947409ED06}.Debug|x86.Build.0 = Debug|Any CPU
		{194B4578-41B4-432A-B8E4-70947409ED06}.Release|Any CPU.ActiveCfg = Release|Any CPU
		{194B4578-41B4-432A-B8E4-70947409ED06}.Release|Any CPU.Build.0 = Release|Any CPU
		{194B4578-41B4-432A-B8E4-70947409ED06}.Release|x64.ActiveCfg = Release|Any CPU
		{194B4578-41B4-432A-B8E4-70947409ED06}.Release|x64.Build.0 = Release|Any CPU
		{194B4578-41B4-432A-B8E4-70947409ED06}.Release|x86.ActiveCfg = Release|Any CPU
		{194B4578-41B4-432A-B8E4-70947409ED06}.Release|x86.Build.0 = Release|Any CPU
		{43190F47-A40A-4B25-B1EC-C57FAEF0A8A8}.Debug|Any CPU.ActiveCfg = Debug|Any CPU
		{43190F47-A40A-4B25-B1EC-C57FAEF0A8A8}.Debug|Any CPU.Build.0 = Debug|Any CPU
		{43190F47-A40A-4B25-B1EC-C57FAEF0A8A8}.Debug|x64.ActiveCfg = Debug|Any CPU
		{43190F47-A40A-4B25-B1EC-C57FAEF0A8A8}.Debug|x64.Build.0 = Debug|Any CPU
		{43190F47-A40A-4B25-B1EC-C57FAEF0A8A8}.Debug|x86.ActiveCfg = Debug|Any CPU
		{43190F47-A40A-4B25-B1EC-C57FAEF0A8A8}.Debug|x86.Build.0 = Debug|Any CPU
		{43190F47-A40A-4B25-B1EC-C57FAEF0A8A8}.Release|Any CPU.ActiveCfg = Release|Any CPU
		{43190F47-A40A-4B25-B1EC-C57FAEF0A8A8}.Release|Any CPU.Build.0 = Release|Any CPU
		{43190F47-A40A-4B25-B1EC-C57FAEF0A8A8}.Release|x64.ActiveCfg = Release|Any CPU
		{43190F47-A40A-4B25-B1EC-C57FAEF0A8A8}.Release|x64.Build.0 = Release|Any CPU
		{43190F47-A40A-4B25-B1EC-C57FAEF0A8A8}.Release|x86.ActiveCfg = Release|Any CPU
		{43190F47-A40A-4B25-B1EC-C57FAEF0A8A8}.Release|x86.Build.0 = Release|Any CPU
		{CF954AFD-1EAE-4B43-9020-F1C83F505D04}.Debug|Any CPU.ActiveCfg = Debug|Any CPU
		{CF954AFD-1EAE-4B43-9020-F1C83F505D04}.Debug|Any CPU.Build.0 = Debug|Any CPU
		{CF954AFD-1EAE-4B43-9020-F1C83F505D04}.Debug|x64.ActiveCfg = Debug|Any CPU
		{CF954AFD-1EAE-4B43-9020-F1C83F505D04}.Debug|x64.Build.0 = Debug|Any CPU
		{CF954AFD-1EAE-4B43-9020-F1C83F505D04}.Debug|x86.ActiveCfg = Debug|Any CPU
		{CF954AFD-1EAE-4B43-9020-F1C83F505D04}.Debug|x86.Build.0 = Debug|Any CPU
		{CF954AFD-1EAE-4B43-9020-F1C83F505D04}.Release|Any CPU.ActiveCfg = Release|Any CPU
		{CF954AFD-1EAE-4B43-9020-F1C83F505D04}.Release|Any CPU.Build.0 = Release|Any CPU
		{CF954AFD-1EAE-4B43-9020-F1C83F505D04}.Release|x64.ActiveCfg = Release|Any CPU
		{CF954AFD-1EAE-4B43-9020-F1C83F505D04}.Release|x64.Build.0 = Release|Any CPU
		{CF954AFD-1EAE-4B43-9020-F1C83F505D04}.Release|x86.ActiveCfg = Release|Any CPU
		{CF954AFD-1EAE-4B43-9020-F1C83F505D04}.Release|x86.Build.0 = Release|Any CPU
		{EE97373F-1D1D-4654-A901-6A7D0EFA6D5A}.Debug|Any CPU.ActiveCfg = Debug|Any CPU
		{EE97373F-1D1D-4654-A901-6A7D0EFA6D5A}.Debug|Any CPU.Build.0 = Debug|Any CPU
		{EE97373F-1D1D-4654-A901-6A7D0EFA6D5A}.Debug|x64.ActiveCfg = Debug|Any CPU
		{EE97373F-1D1D-4654-A901-6A7D0EFA6D5A}.Debug|x64.Build.0 = Debug|Any CPU
		{EE97373F-1D1D-4654-A901-6A7D0EFA6D5A}.Debug|x86.ActiveCfg = Debug|Any CPU
		{EE97373F-1D1D-4654-A901-6A7D0EFA6D5A}.Debug|x86.Build.0 = Debug|Any CPU
		{EE97373F-1D1D-4654-A901-6A7D0EFA6D5A}.Release|Any CPU.ActiveCfg = Release|Any CPU
		{EE97373F-1D1D-4654-A901-6A7D0EFA6D5A}.Release|Any CPU.Build.0 = Release|Any CPU
		{EE97373F-1D1D-4654-A901-6A7D0EFA6D5A}.Release|x64.ActiveCfg = Release|Any CPU
		{EE97373F-1D1D-4654-A901-6A7D0EFA6D5A}.Release|x64.Build.0 = Release|Any CPU
		{EE97373F-1D1D-4654-A901-6A7D0EFA6D5A}.Release|x86.ActiveCfg = Release|Any CPU
		{EE97373F-1D1D-4654-A901-6A7D0EFA6D5A}.Release|x86.Build.0 = Release|Any CPU
		{1B9A4642-B9BD-4C7E-83FC-8E3712B4239A}.Debug|Any CPU.ActiveCfg = Debug|Any CPU
		{1B9A4642-B9BD-4C7E-83FC-8E3712B4239A}.Debug|Any CPU.Build.0 = Debug|Any CPU
		{1B9A4642-B9BD-4C7E-83FC-8E3712B4239A}.Debug|x64.ActiveCfg = Debug|Any CPU
		{1B9A4642-B9BD-4C7E-83FC-8E3712B4239A}.Debug|x64.Build.0 = Debug|Any CPU
		{1B9A4642-B9BD-4C7E-83FC-8E3712B4239A}.Debug|x86.ActiveCfg = Debug|Any CPU
		{1B9A4642-B9BD-4C7E-83FC-8E3712B4239A}.Debug|x86.Build.0 = Debug|Any CPU
		{1B9A4642-B9BD-4C7E-83FC-8E3712B4239A}.Release|Any CPU.ActiveCfg = Release|Any CPU
		{1B9A4642-B9BD-4C7E-83FC-8E3712B4239A}.Release|Any CPU.Build.0 = Release|Any CPU
		{1B9A4642-B9BD-4C7E-83FC-8E3712B4239A}.Release|x64.ActiveCfg = Release|Any CPU
		{1B9A4642-B9BD-4C7E-83FC-8E3712B4239A}.Release|x64.Build.0 = Release|Any CPU
		{1B9A4642-B9BD-4C7E-83FC-8E3712B4239A}.Release|x86.ActiveCfg = Release|Any CPU
		{1B9A4642-B9BD-4C7E-83FC-8E3712B4239A}.Release|x86.Build.0 = Release|Any CPU
		{28C7AB26-7569-48F8-B955-443713868C00}.Debug|Any CPU.ActiveCfg = Debug|Any CPU
		{28C7AB26-7569-48F8-B955-443713868C00}.Debug|Any CPU.Build.0 = Debug|Any CPU
		{28C7AB26-7569-48F8-B955-443713868C00}.Debug|x64.ActiveCfg = Debug|Any CPU
		{28C7AB26-7569-48F8-B955-443713868C00}.Debug|x64.Build.0 = Debug|Any CPU
		{28C7AB26-7569-48F8-B955-443713868C00}.Debug|x86.ActiveCfg = Debug|Any CPU
		{28C7AB26-7569-48F8-B955-443713868C00}.Debug|x86.Build.0 = Debug|Any CPU
		{28C7AB26-7569-48F8-B955-443713868C00}.Release|Any CPU.ActiveCfg = Release|Any CPU
		{28C7AB26-7569-48F8-B955-443713868C00}.Release|Any CPU.Build.0 = Release|Any CPU
		{28C7AB26-7569-48F8-B955-443713868C00}.Release|x64.ActiveCfg = Release|Any CPU
		{28C7AB26-7569-48F8-B955-443713868C00}.Release|x64.Build.0 = Release|Any CPU
		{28C7AB26-7569-48F8-B955-443713868C00}.Release|x86.ActiveCfg = Release|Any CPU
		{28C7AB26-7569-48F8-B955-443713868C00}.Release|x86.Build.0 = Release|Any CPU
		{2550F99B-4F81-42F6-920D-06A58A4D64DE}.Debug|Any CPU.ActiveCfg = Debug|Any CPU
		{2550F99B-4F81-42F6-920D-06A58A4D64DE}.Debug|Any CPU.Build.0 = Debug|Any CPU
		{2550F99B-4F81-42F6-920D-06A58A4D64DE}.Debug|x64.ActiveCfg = Debug|Any CPU
		{2550F99B-4F81-42F6-920D-06A58A4D64DE}.Debug|x64.Build.0 = Debug|Any CPU
		{2550F99B-4F81-42F6-920D-06A58A4D64DE}.Debug|x86.ActiveCfg = Debug|Any CPU
		{2550F99B-4F81-42F6-920D-06A58A4D64DE}.Debug|x86.Build.0 = Debug|Any CPU
		{2550F99B-4F81-42F6-920D-06A58A4D64DE}.Release|Any CPU.ActiveCfg = Release|Any CPU
		{2550F99B-4F81-42F6-920D-06A58A4D64DE}.Release|Any CPU.Build.0 = Release|Any CPU
		{2550F99B-4F81-42F6-920D-06A58A4D64DE}.Release|x64.ActiveCfg = Release|Any CPU
		{2550F99B-4F81-42F6-920D-06A58A4D64DE}.Release|x64.Build.0 = Release|Any CPU
		{2550F99B-4F81-42F6-920D-06A58A4D64DE}.Release|x86.ActiveCfg = Release|Any CPU
		{2550F99B-4F81-42F6-920D-06A58A4D64DE}.Release|x86.Build.0 = Release|Any CPU
		{B8BA4699-FCA0-41EF-B2BE-33363145A95E}.Debug|Any CPU.ActiveCfg = Debug|Any CPU
		{B8BA4699-FCA0-41EF-B2BE-33363145A95E}.Debug|Any CPU.Build.0 = Debug|Any CPU
		{B8BA4699-FCA0-41EF-B2BE-33363145A95E}.Debug|x64.ActiveCfg = Debug|Any CPU
		{B8BA4699-FCA0-41EF-B2BE-33363145A95E}.Debug|x64.Build.0 = Debug|Any CPU
		{B8BA4699-FCA0-41EF-B2BE-33363145A95E}.Debug|x86.ActiveCfg = Debug|Any CPU
		{B8BA4699-FCA0-41EF-B2BE-33363145A95E}.Debug|x86.Build.0 = Debug|Any CPU
		{B8BA4699-FCA0-41EF-B2BE-33363145A95E}.Release|Any CPU.ActiveCfg = Release|Any CPU
		{B8BA4699-FCA0-41EF-B2BE-33363145A95E}.Release|Any CPU.Build.0 = Release|Any CPU
		{B8BA4699-FCA0-41EF-B2BE-33363145A95E}.Release|x64.ActiveCfg = Release|Any CPU
		{B8BA4699-FCA0-41EF-B2BE-33363145A95E}.Release|x64.Build.0 = Release|Any CPU
		{B8BA4699-FCA0-41EF-B2BE-33363145A95E}.Release|x86.ActiveCfg = Release|Any CPU
		{B8BA4699-FCA0-41EF-B2BE-33363145A95E}.Release|x86.Build.0 = Release|Any CPU
		{B2BAAD97-2E91-4A5C-9B44-10860711157A}.Debug|Any CPU.ActiveCfg = Debug|Any CPU
		{B2BAAD97-2E91-4A5C-9B44-10860711157A}.Debug|Any CPU.Build.0 = Debug|Any CPU
		{B2BAAD97-2E91-4A5C-9B44-10860711157A}.Debug|x64.ActiveCfg = Debug|Any CPU
		{B2BAAD97-2E91-4A5C-9B44-10860711157A}.Debug|x64.Build.0 = Debug|Any CPU
		{B2BAAD97-2E91-4A5C-9B44-10860711157A}.Debug|x86.ActiveCfg = Debug|Any CPU
		{B2BAAD97-2E91-4A5C-9B44-10860711157A}.Debug|x86.Build.0 = Debug|Any CPU
		{B2BAAD97-2E91-4A5C-9B44-10860711157A}.Release|Any CPU.ActiveCfg = Release|Any CPU
		{B2BAAD97-2E91-4A5C-9B44-10860711157A}.Release|Any CPU.Build.0 = Release|Any CPU
		{B2BAAD97-2E91-4A5C-9B44-10860711157A}.Release|x64.ActiveCfg = Release|Any CPU
		{B2BAAD97-2E91-4A5C-9B44-10860711157A}.Release|x64.Build.0 = Release|Any CPU
		{B2BAAD97-2E91-4A5C-9B44-10860711157A}.Release|x86.ActiveCfg = Release|Any CPU
		{B2BAAD97-2E91-4A5C-9B44-10860711157A}.Release|x86.Build.0 = Release|Any CPU
		{4BB5C29C-E7FD-4D92-8FE2-EB43D1F0FF0F}.Debug|Any CPU.ActiveCfg = Debug|Any CPU
		{4BB5C29C-E7FD-4D92-8FE2-EB43D1F0FF0F}.Debug|Any CPU.Build.0 = Debug|Any CPU
		{4BB5C29C-E7FD-4D92-8FE2-EB43D1F0FF0F}.Debug|x64.ActiveCfg = Debug|Any CPU
		{4BB5C29C-E7FD-4D92-8FE2-EB43D1F0FF0F}.Debug|x64.Build.0 = Debug|Any CPU
		{4BB5C29C-E7FD-4D92-8FE2-EB43D1F0FF0F}.Debug|x86.ActiveCfg = Debug|Any CPU
		{4BB5C29C-E7FD-4D92-8FE2-EB43D1F0FF0F}.Debug|x86.Build.0 = Debug|Any CPU
		{4BB5C29C-E7FD-4D92-8FE2-EB43D1F0FF0F}.Release|Any CPU.ActiveCfg = Release|Any CPU
		{4BB5C29C-E7FD-4D92-8FE2-EB43D1F0FF0F}.Release|Any CPU.Build.0 = Release|Any CPU
		{4BB5C29C-E7FD-4D92-8FE2-EB43D1F0FF0F}.Release|x64.ActiveCfg = Release|Any CPU
		{4BB5C29C-E7FD-4D92-8FE2-EB43D1F0FF0F}.Release|x64.Build.0 = Release|Any CPU
		{4BB5C29C-E7FD-4D92-8FE2-EB43D1F0FF0F}.Release|x86.ActiveCfg = Release|Any CPU
		{4BB5C29C-E7FD-4D92-8FE2-EB43D1F0FF0F}.Release|x86.Build.0 = Release|Any CPU
		{AB26D6D7-6EF8-41BC-A024-46F81BD6EBC2}.Debug|Any CPU.ActiveCfg = Debug|Any CPU
		{AB26D6D7-6EF8-41BC-A024-46F81BD6EBC2}.Debug|Any CPU.Build.0 = Debug|Any CPU
		{AB26D6D7-6EF8-41BC-A024-46F81BD6EBC2}.Debug|x64.ActiveCfg = Debug|Any CPU
		{AB26D6D7-6EF8-41BC-A024-46F81BD6EBC2}.Debug|x64.Build.0 = Debug|Any CPU
		{AB26D6D7-6EF8-41BC-A024-46F81BD6EBC2}.Debug|x86.ActiveCfg = Debug|Any CPU
		{AB26D6D7-6EF8-41BC-A024-46F81BD6EBC2}.Debug|x86.Build.0 = Debug|Any CPU
		{AB26D6D7-6EF8-41BC-A024-46F81BD6EBC2}.Release|Any CPU.ActiveCfg = Release|Any CPU
		{AB26D6D7-6EF8-41BC-A024-46F81BD6EBC2}.Release|Any CPU.Build.0 = Release|Any CPU
		{AB26D6D7-6EF8-41BC-A024-46F81BD6EBC2}.Release|x64.ActiveCfg = Release|Any CPU
		{AB26D6D7-6EF8-41BC-A024-46F81BD6EBC2}.Release|x64.Build.0 = Release|Any CPU
		{AB26D6D7-6EF8-41BC-A024-46F81BD6EBC2}.Release|x86.ActiveCfg = Release|Any CPU
		{AB26D6D7-6EF8-41BC-A024-46F81BD6EBC2}.Release|x86.Build.0 = Release|Any CPU
		{820F53A4-85D0-4403-8C34-09547E0D6B0E}.Debug|Any CPU.ActiveCfg = Debug|Any CPU
		{820F53A4-85D0-4403-8C34-09547E0D6B0E}.Debug|Any CPU.Build.0 = Debug|Any CPU
		{820F53A4-85D0-4403-8C34-09547E0D6B0E}.Debug|x64.ActiveCfg = Debug|Any CPU
		{820F53A4-85D0-4403-8C34-09547E0D6B0E}.Debug|x64.Build.0 = Debug|Any CPU
		{820F53A4-85D0-4403-8C34-09547E0D6B0E}.Debug|x86.ActiveCfg = Debug|Any CPU
		{820F53A4-85D0-4403-8C34-09547E0D6B0E}.Debug|x86.Build.0 = Debug|Any CPU
		{820F53A4-85D0-4403-8C34-09547E0D6B0E}.Release|Any CPU.ActiveCfg = Release|Any CPU
		{820F53A4-85D0-4403-8C34-09547E0D6B0E}.Release|Any CPU.Build.0 = Release|Any CPU
		{820F53A4-85D0-4403-8C34-09547E0D6B0E}.Release|x64.ActiveCfg = Release|Any CPU
		{820F53A4-85D0-4403-8C34-09547E0D6B0E}.Release|x64.Build.0 = Release|Any CPU
		{820F53A4-85D0-4403-8C34-09547E0D6B0E}.Release|x86.ActiveCfg = Release|Any CPU
		{820F53A4-85D0-4403-8C34-09547E0D6B0E}.Release|x86.Build.0 = Release|Any CPU
		{A32BD44A-31F7-4E5E-9B15-FDF5621A7621}.Debug|Any CPU.ActiveCfg = Debug|Any CPU
		{A32BD44A-31F7-4E5E-9B15-FDF5621A7621}.Debug|Any CPU.Build.0 = Debug|Any CPU
		{A32BD44A-31F7-4E5E-9B15-FDF5621A7621}.Debug|x64.ActiveCfg = Debug|Any CPU
		{A32BD44A-31F7-4E5E-9B15-FDF5621A7621}.Debug|x64.Build.0 = Debug|Any CPU
		{A32BD44A-31F7-4E5E-9B15-FDF5621A7621}.Debug|x86.ActiveCfg = Debug|Any CPU
		{A32BD44A-31F7-4E5E-9B15-FDF5621A7621}.Debug|x86.Build.0 = Debug|Any CPU
		{A32BD44A-31F7-4E5E-9B15-FDF5621A7621}.Release|Any CPU.ActiveCfg = Release|Any CPU
		{A32BD44A-31F7-4E5E-9B15-FDF5621A7621}.Release|Any CPU.Build.0 = Release|Any CPU
		{A32BD44A-31F7-4E5E-9B15-FDF5621A7621}.Release|x64.ActiveCfg = Release|Any CPU
		{A32BD44A-31F7-4E5E-9B15-FDF5621A7621}.Release|x64.Build.0 = Release|Any CPU
		{A32BD44A-31F7-4E5E-9B15-FDF5621A7621}.Release|x86.ActiveCfg = Release|Any CPU
		{A32BD44A-31F7-4E5E-9B15-FDF5621A7621}.Release|x86.Build.0 = Release|Any CPU
		{9E595FB9-041A-43D5-B21C-05DD0FCE35CA}.Debug|Any CPU.ActiveCfg = Debug|Any CPU
		{9E595FB9-041A-43D5-B21C-05DD0FCE35CA}.Debug|Any CPU.Build.0 = Debug|Any CPU
		{9E595FB9-041A-43D5-B21C-05DD0FCE35CA}.Debug|x64.ActiveCfg = Debug|Any CPU
		{9E595FB9-041A-43D5-B21C-05DD0FCE35CA}.Debug|x64.Build.0 = Debug|Any CPU
		{9E595FB9-041A-43D5-B21C-05DD0FCE35CA}.Debug|x86.ActiveCfg = Debug|Any CPU
		{9E595FB9-041A-43D5-B21C-05DD0FCE35CA}.Debug|x86.Build.0 = Debug|Any CPU
		{9E595FB9-041A-43D5-B21C-05DD0FCE35CA}.Release|Any CPU.ActiveCfg = Release|Any CPU
		{9E595FB9-041A-43D5-B21C-05DD0FCE35CA}.Release|Any CPU.Build.0 = Release|Any CPU
		{9E595FB9-041A-43D5-B21C-05DD0FCE35CA}.Release|x64.ActiveCfg = Release|Any CPU
		{9E595FB9-041A-43D5-B21C-05DD0FCE35CA}.Release|x64.Build.0 = Release|Any CPU
		{9E595FB9-041A-43D5-B21C-05DD0FCE35CA}.Release|x86.ActiveCfg = Release|Any CPU
		{9E595FB9-041A-43D5-B21C-05DD0FCE35CA}.Release|x86.Build.0 = Release|Any CPU
		{123553DE-4D56-4C75-82C6-695F6BF6EAA8}.Debug|Any CPU.ActiveCfg = Debug|Any CPU
		{123553DE-4D56-4C75-82C6-695F6BF6EAA8}.Debug|Any CPU.Build.0 = Debug|Any CPU
		{123553DE-4D56-4C75-82C6-695F6BF6EAA8}.Debug|x64.ActiveCfg = Debug|Any CPU
		{123553DE-4D56-4C75-82C6-695F6BF6EAA8}.Debug|x64.Build.0 = Debug|Any CPU
		{123553DE-4D56-4C75-82C6-695F6BF6EAA8}.Debug|x86.ActiveCfg = Debug|Any CPU
		{123553DE-4D56-4C75-82C6-695F6BF6EAA8}.Debug|x86.Build.0 = Debug|Any CPU
		{123553DE-4D56-4C75-82C6-695F6BF6EAA8}.Release|Any CPU.ActiveCfg = Release|Any CPU
		{123553DE-4D56-4C75-82C6-695F6BF6EAA8}.Release|Any CPU.Build.0 = Release|Any CPU
		{123553DE-4D56-4C75-82C6-695F6BF6EAA8}.Release|x64.ActiveCfg = Release|Any CPU
		{123553DE-4D56-4C75-82C6-695F6BF6EAA8}.Release|x64.Build.0 = Release|Any CPU
		{123553DE-4D56-4C75-82C6-695F6BF6EAA8}.Release|x86.ActiveCfg = Release|Any CPU
		{123553DE-4D56-4C75-82C6-695F6BF6EAA8}.Release|x86.Build.0 = Release|Any CPU
	EndGlobalSection
	GlobalSection(SolutionProperties) = preSolution
		HideSolutionNode = FALSE
	EndGlobalSection
	GlobalSection(NestedProjects) = preSolution
		{BF1A9E0D-9CDA-4C25-A67A-4772D3C7D9C8} = {02EA681E-C7D8-13C7-8484-4AC65E1B71E8}
		{6BD6198E-1A02-4A15-ACC1-CB2C81C75898} = {02EA681E-C7D8-13C7-8484-4AC65E1B71E8}
		{194B4578-41B4-432A-B8E4-70947409ED06} = {02EA681E-C7D8-13C7-8484-4AC65E1B71E8}
		{CF954AFD-1EAE-4B43-9020-F1C83F505D04} = {02EA681E-C7D8-13C7-8484-4AC65E1B71E8}
		{EE97373F-1D1D-4654-A901-6A7D0EFA6D5A} = {DF9CDF1D-408A-49DA-BCA5-5C00F11A6983}
		{1B9A4642-B9BD-4C7E-83FC-8E3712B4239A} = {ACC92161-E22C-4043-8242-937DFDD6869D}
		{28C7AB26-7569-48F8-B955-443713868C00} = {ACC92161-E22C-4043-8242-937DFDD6869D}
		{2550F99B-4F81-42F6-920D-06A58A4D64DE} = {ACC92161-E22C-4043-8242-937DFDD6869D}
		{B8BA4699-FCA0-41EF-B2BE-33363145A95E} = {ACC92161-E22C-4043-8242-937DFDD6869D}
		{B2BAAD97-2E91-4A5C-9B44-10860711157A} = {ACC92161-E22C-4043-8242-937DFDD6869D}
		{4BB5C29C-E7FD-4D92-8FE2-EB43D1F0FF0F} = {ACC92161-E22C-4043-8242-937DFDD6869D}
		{AB26D6D7-6EF8-41BC-A024-46F81BD6EBC2} = {ACC92161-E22C-4043-8242-937DFDD6869D}
		{A32BD44A-31F7-4E5E-9B15-FDF5621A7621} = {DF9CDF1D-408A-49DA-BCA5-5C00F11A6983}
	EndGlobalSection
	GlobalSection(ExtensibilityGlobals) = postSolution
		SolutionGuid = {4928116B-3690-4AB4-9D0E-2572B98310AF}
	EndGlobalSection
EndGlobal
